// !$*UTF8*$!
{
	archiveVersion = 1;
	classes = {
	};
	objectVersion = 46;
	objects = {

/* Begin PBXBuildFile section */
		1CBC0C77189DF04F0047E19E /* Foundation.framework in Frameworks */ = {isa = PBXBuildFile; fileRef = 1CBC0C76189DF04F0047E19E /* Foundation.framework */; };
		1CBC0C79189DF04F0047E19E /* CoreGraphics.framework in Frameworks */ = {isa = PBXBuildFile; fileRef = 1CBC0C78189DF04F0047E19E /* CoreGraphics.framework */; };
		1CBC0C7B189DF04F0047E19E /* UIKit.framework in Frameworks */ = {isa = PBXBuildFile; fileRef = 1CBC0C7A189DF04F0047E19E /* UIKit.framework */; };
		1CBC0C81189DF04F0047E19E /* InfoPlist.strings in Resources */ = {isa = PBXBuildFile; fileRef = 1CBC0C7F189DF04F0047E19E /* InfoPlist.strings */; };
		1CBC0C83189DF04F0047E19E /* main.m in Sources */ = {isa = PBXBuildFile; fileRef = 1CBC0C82189DF04F0047E19E /* main.m */; };
		1CBC0C87189DF04F0047E19E /* AppDelegate.m in Sources */ = {isa = PBXBuildFile; fileRef = 1CBC0C86189DF04F0047E19E /* AppDelegate.m */; };
		1CBC0C8A189DF04F0047E19E /* Main_iPhone.storyboard in Resources */ = {isa = PBXBuildFile; fileRef = 1CBC0C88189DF04F0047E19E /* Main_iPhone.storyboard */; };
		1CBC0C8D189DF04F0047E19E /* Main_iPad.storyboard in Resources */ = {isa = PBXBuildFile; fileRef = 1CBC0C8B189DF04F0047E19E /* Main_iPad.storyboard */; };
		1CBC0C90189DF04F0047E19E /* ViewController.m in Sources */ = {isa = PBXBuildFile; fileRef = 1CBC0C8F189DF04F0047E19E /* ViewController.m */; };
		1CBC0C92189DF04F0047E19E /* Images.xcassets in Resources */ = {isa = PBXBuildFile; fileRef = 1CBC0C91189DF04F0047E19E /* Images.xcassets */; };
		1CBC0C99189DF04F0047E19E /* XCTest.framework in Frameworks */ = {isa = PBXBuildFile; fileRef = 1CBC0C98189DF04F0047E19E /* XCTest.framework */; };
		1CBC0C9A189DF04F0047E19E /* Foundation.framework in Frameworks */ = {isa = PBXBuildFile; fileRef = 1CBC0C76189DF04F0047E19E /* Foundation.framework */; };
		1CBC0C9B189DF04F0047E19E /* UIKit.framework in Frameworks */ = {isa = PBXBuildFile; fileRef = 1CBC0C7A189DF04F0047E19E /* UIKit.framework */; };
		1CBC0CA3189DF04F0047E19E /* InfoPlist.strings in Resources */ = {isa = PBXBuildFile; fileRef = 1CBC0CA1189DF04F0047E19E /* InfoPlist.strings */; };
		1CBC0CA5189DF04F0047E19E /* TwitterTests.m in Sources */ = {isa = PBXBuildFile; fileRef = 1CBC0CA4189DF04F0047E19E /* TwitterTests.m */; };
/* End PBXBuildFile section */

/* Begin PBXContainerItemProxy section */
		1CBC0C9C189DF04F0047E19E /* PBXContainerItemProxy */ = {
			isa = PBXContainerItemProxy;
			containerPortal = 1CBC0C6B189DF04F0047E19E /* Project object */;
			proxyType = 1;
			remoteGlobalIDString = 1CBC0C72189DF04F0047E19E;
			remoteInfo = Twitter;
		};
/* End PBXContainerItemProxy section */

/* Begin PBXFileReference section */
		1CBC0C73189DF04F0047E19E /* Twitter.app */ = {isa = PBXFileReference; explicitFileType = wrapper.application; includeInIndex = 0; path = Twitter.app; sourceTree = BUILT_PRODUCTS_DIR; };
		1CBC0C76189DF04F0047E19E /* Foundation.framework */ = {isa = PBXFileReference; lastKnownFileType = wrapper.framework; name = Foundation.framework; path = System/Library/Frameworks/Foundation.framework; sourceTree = SDKROOT; };
		1CBC0C78189DF04F0047E19E /* CoreGraphics.framework */ = {isa = PBXFileReference; lastKnownFileType = wrapper.framework; name = CoreGraphics.framework; path = System/Library/Frameworks/CoreGraphics.framework; sourceTree = SDKROOT; };
		1CBC0C7A189DF04F0047E19E /* UIKit.framework */ = {isa = PBXFileReference; lastKnownFileType = wrapper.framework; name = UIKit.framework; path = System/Library/Frameworks/UIKit.framework; sourceTree = SDKROOT; };
		1CBC0C7E189DF04F0047E19E /* Twitter-Info.plist */ = {isa = PBXFileReference; lastKnownFileType = text.plist.xml; path = "Twitter-Info.plist"; sourceTree = "<group>"; };
		1CBC0C80189DF04F0047E19E /* en */ = {isa = PBXFileReference; lastKnownFileType = text.plist.strings; name = en; path = en.lproj/InfoPlist.strings; sourceTree = "<group>"; };
		1CBC0C82189DF04F0047E19E /* main.m */ = {isa = PBXFileReference; lastKnownFileType = sourcecode.c.objc; path = main.m; sourceTree = "<group>"; };
		1CBC0C84189DF04F0047E19E /* Twitter-Prefix.pch */ = {isa = PBXFileReference; lastKnownFileType = sourcecode.c.h; path = "Twitter-Prefix.pch"; sourceTree = "<group>"; };
		1CBC0C85189DF04F0047E19E /* AppDelegate.h */ = {isa = PBXFileReference; lastKnownFileType = sourcecode.c.h; path = AppDelegate.h; sourceTree = "<group>"; };
		1CBC0C86189DF04F0047E19E /* AppDelegate.m */ = {isa = PBXFileReference; lastKnownFileType = sourcecode.c.objc; path = AppDelegate.m; sourceTree = "<group>"; };
		1CBC0C89189DF04F0047E19E /* Base */ = {isa = PBXFileReference; lastKnownFileType = file.storyboard; name = Base; path = Base.lproj/Main_iPhone.storyboard; sourceTree = "<group>"; };
		1CBC0C8C189DF04F0047E19E /* Base */ = {isa = PBXFileReference; lastKnownFileType = file.storyboard; name = Base; path = Base.lproj/Main_iPad.storyboard; sourceTree = "<group>"; };
		1CBC0C8E189DF04F0047E19E /* ViewController.h */ = {isa = PBXFileReference; lastKnownFileType = sourcecode.c.h; path = ViewController.h; sourceTree = "<group>"; };
		1CBC0C8F189DF04F0047E19E /* ViewController.m */ = {isa = PBXFileReference; lastKnownFileType = sourcecode.c.objc; path = ViewController.m; sourceTree = "<group>"; };
		1CBC0C91189DF04F0047E19E /* Images.xcassets */ = {isa = PBXFileReference; lastKnownFileType = folder.assetcatalog; path = Images.xcassets; sourceTree = "<group>"; };
		1CBC0C97189DF04F0047E19E /* TwitterTests.xctest */ = {isa = PBXFileReference; explicitFileType = wrapper.cfbundle; includeInIndex = 0; path = TwitterTests.xctest; sourceTree = BUILT_PRODUCTS_DIR; };
		1CBC0C98189DF04F0047E19E /* XCTest.framework */ = {isa = PBXFileReference; lastKnownFileType = wrapper.framework; name = XCTest.framework; path = Library/Frameworks/XCTest.framework; sourceTree = DEVELOPER_DIR; };
		1CBC0CA0189DF04F0047E19E /* TwitterTests-Info.plist */ = {isa = PBXFileReference; lastKnownFileType = text.plist.xml; path = "TwitterTests-Info.plist"; sourceTree = "<group>"; };
		1CBC0CA2189DF04F0047E19E /* en */ = {isa = PBXFileReference; lastKnownFileType = text.plist.strings; name = en; path = en.lproj/InfoPlist.strings; sourceTree = "<group>"; };
		1CBC0CA4189DF04F0047E19E /* TwitterTests.m */ = {isa = PBXFileReference; lastKnownFileType = sourcecode.c.objc; path = TwitterTests.m; sourceTree = "<group>"; };
/* End PBXFileReference section */

/* Begin PBXFrameworksBuildPhase section */
		1CBC0C70189DF04F0047E19E /* Frameworks */ = {
			isa = PBXFrameworksBuildPhase;
			buildActionMask = 2147483647;
			files = (
				1CBC0C79189DF04F0047E19E /* CoreGraphics.framework in Frameworks */,
				1CBC0C7B189DF04F0047E19E /* UIKit.framework in Frameworks */,
				1CBC0C77189DF04F0047E19E /* Foundation.framework in Frameworks */,
			);
			runOnlyForDeploymentPostprocessing = 0;
		};
		1CBC0C94189DF04F0047E19E /* Frameworks */ = {
			isa = PBXFrameworksBuildPhase;
			buildActionMask = 2147483647;
			files = (
				1CBC0C99189DF04F0047E19E /* XCTest.framework in Frameworks */,
				1CBC0C9B189DF04F0047E19E /* UIKit.framework in Frameworks */,
				1CBC0C9A189DF04F0047E19E /* Foundation.framework in Frameworks */,
			);
			runOnlyForDeploymentPostprocessing = 0;
		};
/* End PBXFrameworksBuildPhase section */

/* Begin PBXGroup section */
		1CBC0C6A189DF04F0047E19E = {
			isa = PBXGroup;
			children = (
				1CBC0C7C189DF04F0047E19E /* Twitter */,
				1CBC0C9E189DF04F0047E19E /* TwitterTests */,
				1CBC0C75189DF04F0047E19E /* Frameworks */,
				1CBC0C74189DF04F0047E19E /* Products */,
			);
			sourceTree = "<group>";
		};
		1CBC0C74189DF04F0047E19E /* Products */ = {
			isa = PBXGroup;
			children = (
				1CBC0C73189DF04F0047E19E /* Twitter.app */,
				1CBC0C97189DF04F0047E19E /* TwitterTests.xctest */,
			);
			name = Products;
			sourceTree = "<group>";
		};
		1CBC0C75189DF04F0047E19E /* Frameworks */ = {
			isa = PBXGroup;
			children = (
				1CBC0C76189DF04F0047E19E /* Foundation.framework */,
				1CBC0C78189DF04F0047E19E /* CoreGraphics.framework */,
				1CBC0C7A189DF04F0047E19E /* UIKit.framework */,
				1CBC0C98189DF04F0047E19E /* XCTest.framework */,
			);
			name = Frameworks;
			sourceTree = "<group>";
		};
		1CBC0C7C189DF04F0047E19E /* Twitter */ = {
			isa = PBXGroup;
			children = (
				1CBC0C85189DF04F0047E19E /* AppDelegate.h */,
				1CBC0C86189DF04F0047E19E /* AppDelegate.m */,
				1CBC0C88189DF04F0047E19E /* Main_iPhone.storyboard */,
				1CBC0C8B189DF04F0047E19E /* Main_iPad.storyboard */,
				1CBC0C8E189DF04F0047E19E /* ViewController.h */,
				1CBC0C8F189DF04F0047E19E /* ViewController.m */,
				1CBC0C91189DF04F0047E19E /* Images.xcassets */,
				1CBC0C7D189DF04F0047E19E /* Supporting Files */,
			);
			path = Twitter;
			sourceTree = "<group>";
		};
		1CBC0C7D189DF04F0047E19E /* Supporting Files */ = {
			isa = PBXGroup;
			children = (
				1CBC0C7E189DF04F0047E19E /* Twitter-Info.plist */,
				1CBC0C7F189DF04F0047E19E /* InfoPlist.strings */,
				1CBC0C82189DF04F0047E19E /* main.m */,
				1CBC0C84189DF04F0047E19E /* Twitter-Prefix.pch */,
			);
			name = "Supporting Files";
			sourceTree = "<group>";
		};
		1CBC0C9E189DF04F0047E19E /* TwitterTests */ = {
			isa = PBXGroup;
			children = (
				1CBC0CA4189DF04F0047E19E /* TwitterTests.m */,
				1CBC0C9F189DF04F0047E19E /* Supporting Files */,
			);
			path = TwitterTests;
			sourceTree = "<group>";
		};
		1CBC0C9F189DF04F0047E19E /* Supporting Files */ = {
			isa = PBXGroup;
			children = (
				1CBC0CA0189DF04F0047E19E /* TwitterTests-Info.plist */,
				1CBC0CA1189DF04F0047E19E /* InfoPlist.strings */,
			);
			name = "Supporting Files";
			sourceTree = "<group>";
		};
/* End PBXGroup section */

/* Begin PBXNativeTarget section */
		1CBC0C72189DF04F0047E19E /* Twitter */ = {
			isa = PBXNativeTarget;
			buildConfigurationList = 1CBC0CA8189DF04F0047E19E /* Build configuration list for PBXNativeTarget "Twitter" */;
			buildPhases = (
				1CBC0C6F189DF04F0047E19E /* Sources */,
				1CBC0C70189DF04F0047E19E /* Frameworks */,
				1CBC0C71189DF04F0047E19E /* Resources */,
			);
			buildRules = (
			);
			dependencies = (
			);
			name = Twitter;
			productName = Twitter;
			productReference = 1CBC0C73189DF04F0047E19E /* Twitter.app */;
			productType = "com.apple.product-type.application";
		};
		1CBC0C96189DF04F0047E19E /* TwitterTests */ = {
			isa = PBXNativeTarget;
			buildConfigurationList = 1CBC0CAB189DF04F0047E19E /* Build configuration list for PBXNativeTarget "TwitterTests" */;
			buildPhases = (
				1CBC0C93189DF04F0047E19E /* Sources */,
				1CBC0C94189DF04F0047E19E /* Frameworks */,
				1CBC0C95189DF04F0047E19E /* Resources */,
			);
			buildRules = (
			);
			dependencies = (
				1CBC0C9D189DF04F0047E19E /* PBXTargetDependency */,
			);
			name = TwitterTests;
			productName = TwitterTests;
			productReference = 1CBC0C97189DF04F0047E19E /* TwitterTests.xctest */;
			productType = "com.apple.product-type.bundle.unit-test";
		};
/* End PBXNativeTarget section */

/* Begin PBXProject section */
		1CBC0C6B189DF04F0047E19E /* Project object */ = {
			isa = PBXProject;
			attributes = {
				LastUpgradeCheck = 0500;
				ORGANIZATIONNAME = "Bhagyashree Shekhawat";
				TargetAttributes = {
					1CBC0C96189DF04F0047E19E = {
						TestTargetID = 1CBC0C72189DF04F0047E19E;
					};
				};
			};
			buildConfigurationList = 1CBC0C6E189DF04F0047E19E /* Build configuration list for PBXProject "Twitter" */;
			compatibilityVersion = "Xcode 3.2";
			developmentRegion = English;
			hasScannedForEncodings = 0;
			knownRegions = (
				en,
				Base,
			);
			mainGroup = 1CBC0C6A189DF04F0047E19E;
			productRefGroup = 1CBC0C74189DF04F0047E19E /* Products */;
			projectDirPath = "";
			projectRoot = "";
			targets = (
				1CBC0C72189DF04F0047E19E /* Twitter */,
				1CBC0C96189DF04F0047E19E /* TwitterTests */,
			);
		};
/* End PBXProject section */

/* Begin PBXResourcesBuildPhase section */
		1CBC0C71189DF04F0047E19E /* Resources */ = {
			isa = PBXResourcesBuildPhase;
			buildActionMask = 2147483647;
			files = (
				1CBC0C8D189DF04F0047E19E /* Main_iPad.storyboard in Resources */,
				1CBC0C92189DF04F0047E19E /* Images.xcassets in Resources */,
				1CBC0C8A189DF04F0047E19E /* Main_iPhone.storyboard in Resources */,
				1CBC0C81189DF04F0047E19E /* InfoPlist.strings in Resources */,
			);
			runOnlyForDeploymentPostprocessing = 0;
		};
		1CBC0C95189DF04F0047E19E /* Resources */ = {
			isa = PBXResourcesBuildPhase;
			buildActionMask = 2147483647;
			files = (
				1CBC0CA3189DF04F0047E19E /* InfoPlist.strings in Resources */,
			);
			runOnlyForDeploymentPostprocessing = 0;
		};
/* End PBXResourcesBuildPhase section */

/* Begin PBXSourcesBuildPhase section */
		1CBC0C6F189DF04F0047E19E /* Sources */ = {
			isa = PBXSourcesBuildPhase;
			buildActionMask = 2147483647;
			files = (
				1CBC0C90189DF04F0047E19E /* ViewController.m in Sources */,
				1CBC0C87189DF04F0047E19E /* AppDelegate.m in Sources */,
				1CBC0C83189DF04F0047E19E /* main.m in Sources */,
			);
			runOnlyForDeploymentPostprocessing = 0;
		};
		1CBC0C93189DF04F0047E19E /* Sources */ = {
			isa = PBXSourcesBuildPhase;
			buildActionMask = 2147483647;
			files = (
				1CBC0CA5189DF04F0047E19E /* TwitterTests.m in Sources */,
			);
			runOnlyForDeploymentPostprocessing = 0;
		};
/* End PBXSourcesBuildPhase section */

/* Begin PBXTargetDependency section */
		1CBC0C9D189DF04F0047E19E /* PBXTargetDependency */ = {
			isa = PBXTargetDependency;
			target = 1CBC0C72189DF04F0047E19E /* Twitter */;
			targetProxy = 1CBC0C9C189DF04F0047E19E /* PBXContainerItemProxy */;
		};
/* End PBXTargetDependency section */

/* Begin PBXVariantGroup section */
		1CBC0C7F189DF04F0047E19E /* InfoPlist.strings */ = {
			isa = PBXVariantGroup;
			children = (
				1CBC0C80189DF04F0047E19E /* en */,
			);
			name = InfoPlist.strings;
			sourceTree = "<group>";
		};
		1CBC0C88189DF04F0047E19E /* Main_iPhone.storyboard */ = {
			isa = PBXVariantGroup;
			children = (
				1CBC0C89189DF04F0047E19E /* Base */,
			);
			name = Main_iPhone.storyboard;
			sourceTree = "<group>";
		};
		1CBC0C8B189DF04F0047E19E /* Main_iPad.storyboard */ = {
			isa = PBXVariantGroup;
			children = (
				1CBC0C8C189DF04F0047E19E /* Base */,
			);
			name = Main_iPad.storyboard;
			sourceTree = "<group>";
		};
		1CBC0CA1189DF04F0047E19E /* InfoPlist.strings */ = {
			isa = PBXVariantGroup;
			children = (
				1CBC0CA2189DF04F0047E19E /* en */,
			);
			name = InfoPlist.strings;
			sourceTree = "<group>";
		};
/* End PBXVariantGroup section */

/* Begin XCBuildConfiguration section */
		1CBC0CA6189DF04F0047E19E /* Debug */ = {
			isa = XCBuildConfiguration;
			buildSettings = {
				ALWAYS_SEARCH_USER_PATHS = NO;
				ARCHS = "$(ARCHS_STANDARD_INCLUDING_64_BIT)";
				CLANG_CXX_LANGUAGE_STANDARD = "gnu++0x";
				CLANG_CXX_LIBRARY = "libc++";
				CLANG_ENABLE_MODULES = YES;
				CLANG_ENABLE_OBJC_ARC = YES;
				CLANG_WARN_BOOL_CONVERSION = YES;
				CLANG_WARN_CONSTANT_CONVERSION = YES;
				CLANG_WARN_DIRECT_OBJC_ISA_USAGE = YES_ERROR;
				CLANG_WARN_EMPTY_BODY = YES;
				CLANG_WARN_ENUM_CONVERSION = YES;
				CLANG_WARN_INT_CONVERSION = YES;
				CLANG_WARN_OBJC_ROOT_CLASS = YES_ERROR;
				CLANG_WARN__DUPLICATE_METHOD_MATCH = YES;
				"CODE_SIGN_IDENTITY[sdk=iphoneos*]" = "iPhone Developer";
				COPY_PHASE_STRIP = NO;
				GCC_C_LANGUAGE_STANDARD = gnu99;
				GCC_DYNAMIC_NO_PIC = NO;
				GCC_OPTIMIZATION_LEVEL = 0;
				GCC_PREPROCESSOR_DEFINITIONS = (
					"DEBUG=1",
					"$(inherited)",
				);
				GCC_SYMBOLS_PRIVATE_EXTERN = NO;
				GCC_WARN_64_TO_32_BIT_CONVERSION = YES;
				GCC_WARN_ABOUT_RETURN_TYPE = YES_ERROR;
				GCC_WARN_UNDECLARED_SELECTOR = YES;
				GCC_WARN_UNINITIALIZED_AUTOS = YES;
				GCC_WARN_UNUSED_FUNCTION = YES;
				GCC_WARN_UNUSED_VARIABLE = YES;
				IPHONEOS_DEPLOYMENT_TARGET = 7.0;
				ONLY_ACTIVE_ARCH = YES;
				SDKROOT = iphoneos;
				TARGETED_DEVICE_FAMILY = "1,2";
			};
			name = Debug;
		};
		1CBC0CA7189DF04F0047E19E /* Release */ = {
			isa = XCBuildConfiguration;
			buildSettings = {
				ALWAYS_SEARCH_USER_PATHS = NO;
				ARCHS = "$(ARCHS_STANDARD_INCLUDING_64_BIT)";
				CLANG_CXX_LANGUAGE_STANDARD = "gnu++0x";
				CLANG_CXX_LIBRARY = "libc++";
				CLANG_ENABLE_MODULES = YES;
				CLANG_ENABLE_OBJC_ARC = YES;
				CLANG_WARN_BOOL_CONVERSION = YES;
				CLANG_WARN_CONSTANT_CONVERSION = YES;
				CLANG_WARN_DIRECT_OBJC_ISA_USAGE = YES_ERROR;
				CLANG_WARN_EMPTY_BODY = YES;
				CLANG_WARN_ENUM_CONVERSION = YES;
				CLANG_WARN_INT_CONVERSION = YES;
				CLANG_WARN_OBJC_ROOT_CLASS = YES_ERROR;
				CLANG_WARN__DUPLICATE_METHOD_MATCH = YES;
				"CODE_SIGN_IDENTITY[sdk=iphoneos*]" = "iPhone Developer";
				COPY_PHASE_STRIP = YES;
				ENABLE_NS_ASSERTIONS = NO;
				GCC_C_LANGUAGE_STANDARD = gnu99;
				GCC_WARN_64_TO_32_BIT_CONVERSION = YES;
				GCC_WARN_ABOUT_RETURN_TYPE = YES_ERROR;
				GCC_WARN_UNDECLARED_SELECTOR = YES;
				GCC_WARN_UNINITIALIZED_AUTOS = YES;
				GCC_WARN_UNUSED_FUNCTION = YES;
				GCC_WARN_UNUSED_VARIABLE = YES;
				IPHONEOS_DEPLOYMENT_TARGET = 7.0;
				SDKROOT = iphoneos;
				TARGETED_DEVICE_FAMILY = "1,2";
				VALIDATE_PRODUCT = YES;
			};
			name = Release;
		};
		1CBC0CA9189DF04F0047E19E /* Debug */ = {
			isa = XCBuildConfiguration;
			buildSettings = {
				ASSETCATALOG_COMPILER_APPICON_NAME = AppIcon;
				ASSETCATALOG_COMPILER_LAUNCHIMAGE_NAME = LaunchImage;
				GCC_PRECOMPILE_PREFIX_HEADER = YES;
				GCC_PREFIX_HEADER = "Twitter/Twitter-Prefix.pch";
				INFOPLIST_FILE = "Twitter/Twitter-Info.plist";
				PRODUCT_NAME = "$(TARGET_NAME)";
				WRAPPER_EXTENSION = app;
			};
			name = Debug;
		};
		1CBC0CAA189DF04F0047E19E /* Release */ = {
			isa = XCBuildConfiguration;
			buildSettings = {
				ASSETCATALOG_COMPILER_APPICON_NAME = AppIcon;
				ASSETCATALOG_COMPILER_LAUNCHIMAGE_NAME = LaunchImage;
				GCC_PRECOMPILE_PREFIX_HEADER = YES;
				GCC_PREFIX_HEADER = "Twitter/Twitter-Prefix.pch";
				INFOPLIST_FILE = "Twitter/Twitter-Info.plist";
				PRODUCT_NAME = "$(TARGET_NAME)";
				WRAPPER_EXTENSION = app;
			};
			name = Release;
		};
		1CBC0CAC189DF04F0047E19E /* Debug */ = {
			isa = XCBuildConfiguration;
			buildSettings = {
				ARCHS = "$(ARCHS_STANDARD_INCLUDING_64_BIT)";
				BUNDLE_LOADER = "$(BUILT_PRODUCTS_DIR)/Twitter.app/Twitter";
				FRAMEWORK_SEARCH_PATHS = (
					"$(SDKROOT)/Developer/Library/Frameworks",
					"$(inherited)",
					"$(DEVELOPER_FRAMEWORKS_DIR)",
				);
				GCC_PRECOMPILE_PREFIX_HEADER = YES;
				GCC_PREFIX_HEADER = "Twitter/Twitter-Prefix.pch";
				GCC_PREPROCESSOR_DEFINITIONS = (
					"DEBUG=1",
					"$(inherited)",
				);
				INFOPLIST_FILE = "TwitterTests/TwitterTests-Info.plist";
				PRODUCT_NAME = "$(TARGET_NAME)";
				TEST_HOST = "$(BUNDLE_LOADER)";
				WRAPPER_EXTENSION = xctest;
			};
			name = Debug;
		};
		1CBC0CAD189DF04F0047E19E /* Release */ = {
			isa = XCBuildConfiguration;
			buildSettings = {
				ARCHS = "$(ARCHS_STANDARD_INCLUDING_64_BIT)";
				BUNDLE_LOADER = "$(BUILT_PRODUCTS_DIR)/Twitter.app/Twitter";
				FRAMEWORK_SEARCH_PATHS = (
					"$(SDKROOT)/Developer/Library/Frameworks",
					"$(inherited)",
					"$(DEVELOPER_FRAMEWORKS_DIR)",
				);
				GCC_PRECOMPILE_PREFIX_HEADER = YES;
				GCC_PREFIX_HEADER = "Twitter/Twitter-Prefix.pch";
				INFOPLIST_FILE = "TwitterTests/TwitterTests-Info.plist";
				PRODUCT_NAME = "$(TARGET_NAME)";
				TEST_HOST = "$(BUNDLE_LOADER)";
				WRAPPER_EXTENSION = xctest;
			};
			name = Release;
		};
/* End XCBuildConfiguration section */

/* Begin XCConfigurationList section */
		1CBC0C6E189DF04F0047E19E /* Build configuration list for PBXProject "Twitter" */ = {
			isa = XCConfigurationList;
			buildConfigurations = (
				1CBC0CA6189DF04F0047E19E /* Debug */,
				1CBC0CA7189DF04F0047E19E /* Release */,
			);
			defaultConfigurationIsVisible = 0;
			defaultConfigurationName = Release;
		};
		1CBC0CA8189DF04F0047E19E /* Build configuration list for PBXNativeTarget "Twitter" */ = {
			isa = XCConfigurationList;
			buildConfigurations = (
				1CBC0CA9189DF04F0047E19E /* Debug */,
				1CBC0CAA189DF04F0047E19E /* Release */,
			);
			defaultConfigurationIsVisible = 0;
		};
		1CBC0CAB189DF04F0047E19E /* Build configuration list for PBXNativeTarget "TwitterTests" */ = {
			isa = XCConfigurationList;
			buildConfigurations = (
				1CBC0CAC189DF04F0047E19E /* Debug */,
				1CBC0CAD189DF04F0047E19E /* Release */,
			);
			defaultConfigurationIsVisible = 0;
		};
/* End XCConfigurationList section */
	};
	rootObject = 1CBC0C6B189DF04F0047E19E /* Project object */;
}
